
Microsoft Visual Studio Solution File, Format Version 12.00
# Visual Studio Version 16
VisualStudioVersion = 16.0.28803.452
MinimumVisualStudioVersion = 10.0.40219.1
Project("{FAE04EC0-301F-11D3-BF4B-00C04F79EFBC}") = "CatImageRecognizer", "CatImageRecognizer\CatImageRecognizer.csproj", "{72C96ABC-ED69-41F6-A7A7-0FDFE158997D}"
EndProject
Global
	GlobalSection(SolutionConfigurationPlatforms) = preSolution
		Debug|Any CPU = Debug|Any CPU
		Debug|x64 = Debug|x64
		Release|Any CPU = Release|Any CPU
		Release|x64 = Release|x64
	EndGlobalSection
	GlobalSection(ProjectConfigurationPlatforms) = postSolution
		{72C96ABC-ED69-41F6-A7A7-0FDFE158997D}.Debug|Any CPU.ActiveCfg = Debug|Any CPU
		{72C96ABC-ED69-41F6-A7A7-0FDFE158997D}.Debug|Any CPU.Build.0 = Debug|Any CPU
		{72C96ABC-ED69-41F6-A7A7-0FDFE158997D}.Debug|x64.ActiveCfg = Debug|x64
		{72C96ABC-ED69-41F6-A7A7-0FDFE158997D}.Debug|x64.Build.0 = Debug|x64
		{72C96ABC-ED69-41F6-A7A7-0FDFE158997D}.Release|Any CPU.ActiveCfg = Release|Any CPU
		{72C96ABC-ED69-41F6-A7A7-0FDFE158997D}.Release|Any CPU.Build.0 = Release|Any CPU
		{72C96ABC-ED69-41F6-A7A7-0FDFE158997D}.Release|x64.ActiveCfg = Release|x64
		{72C96ABC-ED69-41F6-A7A7-0FDFE158997D}.Release|x64.Build.0 = Release|x64
	EndGlobalSection
	GlobalSection(SolutionProperties) = preSolution
		HideSolutionNode = FALSE
	EndGlobalSection
	GlobalSection(ExtensibilityGlobals) = postSolution
		SolutionGuid = {2C24D1DB-BA8C-41EA-BFF3-EC05FB129FA3}
	EndGlobalSection
EndGlobal
